{
  "name": "jquery.marquee",
  "version": "1.6.0",
  "lockfileVersion": 2,
  "requires": true,
  "packages": {
    "": {
      "name": "jquery.marquee",
      "version": "1.6.0",
      "license": "ISC",
      "devDependencies": {
        "uglify-js": "^3.12.8"
      }
    },
    "node_modules/uglify-js": {
      "version": "3.12.8",
      "resolved": "https://registry.npmjs.org/uglify-js/-/uglify-js-3.12.8.tgz",
      "integrity": "sha512-fvBeuXOsvqjecUtF/l1dwsrrf5y2BCUk9AOJGzGcm6tE7vegku5u/YvqjyDaAGr422PLoLnrxg3EnRvTqsdC1w==",
      "dev": true,
      "bin": {
        "uglifyjs": "bin/uglifyjs"
      },
      "engines": {
        "node": ">=0.8.0"
      }
    }
  },
  "dependencies": {
    "uglify-js": {
      "version": "3.12.8",
      "resolved": "https://registry.npmjs.org/uglify-js/-/uglify-js-3.12.8.tgz",
      "integrity": "sha512-fvBeuXOsvqjecUtF/l1dwsrrf5y2BCUk9AOJGzGcm6tE7vegku5u/YvqjyDaAGr422PLoLnrxg3EnRvTqsdC1w==",
      "dev": true
    }
  }
}
